// !$*UTF8*$!
{
	archiveVersion = 1;
	classes = {
	};
	objectVersion = 46;
	objects = {

/* Begin PBXBuildFile section */
		63627A971EB5E03D00A14731 /* AppDelegate.swift in Sources */ = {isa = PBXBuildFile; fileRef = 63627A961EB5E03D00A14731 /* AppDelegate.swift */; };
		63627A991EB5E03D00A14731 /* ViewController.swift in Sources */ = {isa = PBXBuildFile; fileRef = 63627A981EB5E03D00A14731 /* ViewController.swift */; };
		63627A9C1EB5E03D00A14731 /* Main.storyboard in Resources */ = {isa = PBXBuildFile; fileRef = 63627A9A1EB5E03D00A14731 /* Main.storyboard */; };
		63627A9E1EB5E03D00A14731 /* Assets.xcassets in Resources */ = {isa = PBXBuildFile; fileRef = 63627A9D1EB5E03D00A14731 /* Assets.xcassets */; };
		63627AA11EB5E03D00A14731 /* LaunchScreen.storyboard in Resources */ = {isa = PBXBuildFile; fileRef = 63627A9F1EB5E03D00A14731 /* LaunchScreen.storyboard */; };
/* End PBXBuildFile section */

/* Begin PBXFileReference section */
		63627A931EB5E03C00A14731 /* demoSpeech.app */ = {isa = PBXFileReference; explicitFileType = wrapper.application; includeInIndex = 0; path = demoSpeech.app; sourceTree = BUILT_PRODUCTS_DIR; };
		63627A961EB5E03D00A14731 /* AppDelegate.swift */ = {isa = PBXFileReference; lastKnownFileType = sourcecode.swift; path = AppDelegate.swift; sourceTree = "<group>"; };
		63627A981EB5E03D00A14731 /* ViewController.swift */ = {isa = PBXFileReference; lastKnownFileType = sourcecode.swift; path = ViewController.swift; sourceTree = "<group>"; };
		63627A9B1EB5E03D00A14731 /* Base */ = {isa = PBXFileReference; lastKnownFileType = file.storyboard; name = Base; path = Base.lproj/Main.storyboard; sourceTree = "<group>"; };
		63627A9D1EB5E03D00A14731 /* Assets.xcassets */ = {isa = PBXFileReference; lastKnownFileType = folder.assetcatalog; path = Assets.xcassets; sourceTree = "<group>"; };
		63627AA01EB5E03D00A14731 /* Base */ = {isa = PBXFileReference; lastKnownFileType = file.storyboard; name = Base; path = Base.lproj/LaunchScreen.storyboard; sourceTree = "<group>"; };
		63627AA21EB5E03D00A14731 /* Info.plist */ = {isa = PBXFileReference; lastKnownFileType = text.plist.xml; path = Info.plist; sourceTree = "<group>"; };
/* End PBXFileReference section */

/* Begin PBXFrameworksBuildPhase section */
		63627A901EB5E03C00A14731 /* Frameworks */ = {
			isa = PBXFrameworksBuildPhase;
			buildActionMask = 2147483647;
			files = (
			);
			runOnlyForDeploymentPostprocessing = 0;
		};
/* End PBXFrameworksBuildPhase section */

/* Begin PBXGroup section */
		63627A8A1EB5E03C00A14731 = {
			isa = PBXGroup;
			children = (
				63627A951EB5E03C00A14731 /* demoSpeech */,
				63627A941EB5E03C00A14731 /* Products */,
			);
			sourceTree = "<group>";
		};
		63627A941EB5E03C00A14731 /* Products */ = {
			isa = PBXGroup;
			children = (
				63627A931EB5E03C00A14731 /* demoSpeech.app */,
			);
			name = Products;
			sourceTree = "<group>";
		};
		63627A951EB5E03C00A14731 /* demoSpeech */ = {
			isa = PBXGroup;
			children = (
				63627A961EB5E03D00A14731 /* AppDelegate.swift */,
				63627A981EB5E03D00A14731 /* ViewController.swift */,
				63627A9A1EB5E03D00A14731 /* Main.storyboard */,
				63627A9D1EB5E03D00A14731 /* Assets.xcassets */,
				63627A9F1EB5E03D00A14731 /* LaunchScreen.storyboard */,
				63627AA21EB5E03D00A14731 /* Info.plist */,
			);
			path = demoSpeech;
			sourceTree = "<group>";
		};
/* End PBXGroup section */

/* Begin PBXNativeTarget section */
		63627A921EB5E03C00A14731 /* demoSpeech */ = {
			isa = PBXNativeTarget;
			buildConfigurationList = 63627AA51EB5E03D00A14731 /* Build configuration list for PBXNativeTarget "demoSpeech" */;
			buildPhases = (
				63627A8F1EB5E03C00A14731 /* Sources */,
				63627A901EB5E03C00A14731 /* Frameworks */,
				63627A911EB5E03C00A14731 /* Resources */,
			);
			buildRules = (
			);
			dependencies = (
			);
			name = demoSpeech;
			productName = demoSpeech;
			productReference = 63627A931EB5E03C00A14731 /* demoSpeech.app */;
			productType = "com.apple.product-type.application";
		};
/* End PBXNativeTarget section */

/* Begin PBXProject section */
		63627A8B1EB5E03C00A14731 /* Project object */ = {
			isa = PBXProject;
			attributes = {
				LastSwiftUpdateCheck = 0820;
				LastUpgradeCheck = 0820;
				ORGANIZATIONNAME = tung3457;
				TargetAttributes = {
					63627A921EB5E03C00A14731 = {
						CreatedOnToolsVersion = 8.2.1;
						DevelopmentTeam = 67F4ET37YG;
						ProvisioningStyle = Automatic;
					};
				};
			};
			buildConfigurationList = 63627A8E1EB5E03C00A14731 /* Build configuration list for PBXProject "demoSpeech" */;
			compatibilityVersion = "Xcode 3.2";
			developmentRegion = English;
			hasScannedForEncodings = 0;
			knownRegions = (
				en,
				Base,
			);
			mainGroup = 63627A8A1EB5E03C00A14731;
			productRefGroup = 63627A941EB5E03C00A14731 /* Products */;
			projectDirPath = "";
			projectRoot = "";
			targets = (
				63627A921EB5E03C00A14731 /* demoSpeech */,
			);
		};
/* End PBXProject section */

/* Begin PBXResourcesBuildPhase section */
		63627A911EB5E03C00A14731 /* Resources */ = {
			isa = PBXResourcesBuildPhase;
			buildActionMask = 2147483647;
			files = (
				63627AA11EB5E03D00A14731 /* LaunchScreen.storyboard in Resources */,
				63627A9E1EB5E03D00A14731 /* Assets.xcassets in Resources */,
				63627A9C1EB5E03D00A14731 /* Main.storyboard in Resources */,
			);
			runOnlyForDeploymentPostprocessing = 0;
		};
/* End PBXResourcesBuildPhase section */

/* Begin PBXSourcesBuildPhase section */
		63627A8F1EB5E03C00A14731 /* Sources */ = {
			isa = PBXSourcesBuildPhase;
			buildActionMask = 2147483647;
			files = (
				63627A991EB5E03D00A14731 /* ViewController.swift in Sources */,
				63627A971EB5E03D00A14731 /* AppDelegate.swift in Sources */,
			);
			runOnlyForDeploymentPostprocessing = 0;
		};
/* End PBXSourcesBuildPhase section */

/* Begin PBXVariantGroup section */
		63627A9A1EB5E03D00A14731 /* Main.storyboard */ = {
			isa = PBXVariantGroup;
			children = (
				63627A9B1EB5E03D00A14731 /* Base */,
			);
			name = Main.storyboard;
			sourceTree = "<group>";
		};
		63627A9F1EB5E03D00A14731 /* LaunchScreen.storyboard */ = {
			isa = PBXVariantGroup;
			children = (
				63627AA01EB5E03D00A14731 /* Base */,
			);
			name = LaunchScreen.storyboard;
			sourceTree = "<group>";
		};
/* End PBXVariantGroup section */

/* Begin XCBuildConfiguration section */
		63627AA31EB5E03D00A14731 /* Debug */ = {
			isa = XCBuildConfiguration;
			buildSettings = {
				ALWAYS_SEARCH_USER_PATHS = NO;
				CLANG_ANALYZER_NONNULL = YES;
				CLANG_CXX_LANGUAGE_STANDARD = "gnu++0x";
				CLANG_CXX_LIBRARY = "libc++";
				CLANG_ENABLE_MODULES = YES;
				CLANG_ENABLE_OBJC_ARC = YES;
				CLANG_WARN_BOOL_CONVERSION = YES;
				CLANG_WARN_CONSTANT_CONVERSION = YES;
				CLANG_WARN_DIRECT_OBJC_ISA_USAGE = YES_ERROR;
				CLANG_WARN_DOCUMENTATION_COMMENTS = YES;
				CLANG_WARN_EMPTY_BODY = YES;
				CLANG_WARN_ENUM_CONVERSION = YES;
				CLANG_WARN_INFINITE_RECURSION = YES;
				CLANG_WARN_INT_CONVERSION = YES;
				CLANG_WARN_OBJC_ROOT_CLASS = YES_ERROR;
				CLANG_WARN_SUSPICIOUS_MOVE = YES;
				CLANG_WARN_UNREACHABLE_CODE = YES;
				CLANG_WARN__DUPLICATE_METHOD_MATCH = YES;
				"CODE_SIGN_IDENTITY[sdk=iphoneos*]" = "iPhone Developer";
				COPY_PHASE_STRIP = NO;
				DEBUG_INFORMATION_FORMAT = dwarf;
				ENABLE_STRICT_OBJC_MSGSEND = YES;
				ENABLE_TESTABILITY = YES;
				GCC_C_LANGUAGE_STANDARD = gnu99;
				GCC_DYNAMIC_NO_PIC = NO;
				GCC_NO_COMMON_BLOCKS = YES;
				GCC_OPTIMIZATION_LEVEL = 0;
				GCC_PREPROCESSOR_DEFINITIONS = (
					"DEBUG=1",
					"$(inherited)",
				);
				GCC_WARN_64_TO_32_BIT_CONVERSION = YES;
				GCC_WARN_ABOUT_RETURN_TYPE = YES_ERROR;
				GCC_WARN_UNDECLARED_SELECTOR = YES;
				GCC_WARN_UNINITIALIZED_AUTOS = YES_AGGRESSIVE;
				GCC_WARN_UNUSED_FUNCTION = YES;
				GCC_WARN_UNUSED_VARIABLE = YES;
				IPHONEOS_DEPLOYMENT_TARGET = 10.2;
				MTL_ENABLE_DEBUG_INFO = YES;
				ONLY_ACTIVE_ARCH = YES;
				SDKROOT = iphoneos;
				SWIFT_ACTIVE_COMPILATION_CONDITIONS = DEBUG;
				SWIFT_OPTIMIZATION_LEVEL = "-Onone";
			};
			name = Debug;
		};
		63627AA41EB5E03D00A14731 /* Release */ = {
			isa = XCBuildConfiguration;
			buildSettings = {
				ALWAYS_SEARCH_USER_PATHS = NO;
				CLANG_ANALYZER_NONNULL = YES;
				CLANG_CXX_LANGUAGE_STANDARD = "gnu++0x";
				CLANG_CXX_LIBRARY = "libc++";
				CLANG_ENABLE_MODULES = YES;
				CLANG_ENABLE_OBJC_ARC = YES;
				CLANG_WARN_BOOL_CONVERSION = YES;
				CLANG_WARN_CONSTANT_CONVERSION = YES;
				CLANG_WARN_DIRECT_OBJC_ISA_USAGE = YES_ERROR;
				CLANG_WARN_DOCUMENTATION_COMMENTS = YES;
				CLANG_WARN_EMPTY_BODY = YES;
				CLANG_WARN_ENUM_CONVERSION = YES;
				CLANG_WARN_INFINITE_RECURSION = YES;
				CLANG_WARN_INT_CONVERSION = YES;
				CLANG_WARN_OBJC_ROOT_CLASS = YES_ERROR;
				CLANG_WARN_SUSPICIOUS_MOVE = YES;
				CLANG_WARN_UNREACHABLE_CODE = YES;
				CLANG_WARN__DUPLICATE_METHOD_MATCH = YES;
				"CODE_SIGN_IDENTITY[sdk=iphoneos*]" = "iPhone Developer";
				COPY_PHASE_STRIP = NO;
				DEBUG_INFORMATION_FORMAT = "dwarf-with-dsym";
				ENABLE_NS_ASSERTIONS = NO;
				ENABLE_STRICT_OBJC_MSGSEND = YES;
				GCC_C_LANGUAGE_STANDARD = gnu99;
				GCC_NO_COMMON_BLOCKS = YES;
				GCC_WARN_64_TO_32_BIT_CONVERSION = YES;
				GCC_WARN_ABOUT_RETURN_TYPE = YES_ERROR;
				GCC_WARN_UNDECLARED_SELECTOR = YES;
				GCC_WARN_UNINITIALIZED_AUTOS = YES_AGGRESSIVE;
				GCC_WARN_UNUSED_FUNCTION = YES;
				GCC_WARN_UNUSED_VARIABLE = YES;
				IPHONEOS_DEPLOYMENT_TARGET = 10.2;
				MTL_ENABLE_DEBUG_INFO = NO;
				SDKROOT = iphoneos;
				SWIFT_OPTIMIZATION_LEVEL = "-Owholemodule";
				VALIDATE_PRODUCT = YES;
			};
			name = Release;
		};
		63627AA61EB5E03D00A14731 /* Debug */ = {
			isa = XCBuildConfiguration;
			buildSettings = {
				ASSETCATALOG_COMPILER_APPICON_NAME = AppIcon;
				DEVELOPMENT_TEAM = 67F4ET37YG;
				INFOPLIST_FILE = demoSpeech/Info.plist;
				IPHONEOS_DEPLOYMENT_TARGET = 10.0;
				LD_RUNPATH_SEARCH_PATHS = "$(inherited) @executable_path/Frameworks";
				PRODUCT_BUNDLE_IDENTIFIER = com.tung3457.demoSpeech;
				PRODUCT_NAME = "$(TARGET_NAME)";
				SWIFT_VERSION = 3.0;
			};
			name = Debug;
		};
		63627AA71EB5E03D00A14731 /* Release */ = {
			isa = XCBuildConfiguration;
			buildSettings = {
				ASSETCATALOG_COMPILER_APPICON_NAME = AppIcon;
				DEVELOPMENT_TEAM = 67F4ET37YG;
				INFOPLIST_FILE = demoSpeech/Info.plist;
				IPHONEOS_DEPLOYMENT_TARGET = 10.0;
				LD_RUNPATH_SEARCH_PATHS = "$(inherited) @executable_path/Frameworks";
				PRODUCT_BUNDLE_IDENTIFIER = com.tung3457.demoSpeech;
				PRODUCT_NAME = "$(TARGET_NAME)";
				SWIFT_VERSION = 3.0;
			};
			name = Release;
		};
/* End XCBuildConfiguration section */

/* Begin XCConfigurationList section */
		63627A8E1EB5E03C00A14731 /* Build configuration list for PBXProject "demoSpeech" */ = {
			isa = XCConfigurationList;
			buildConfigurations = (
				63627AA31EB5E03D00A14731 /* Debug */,
				63627AA41EB5E03D00A14731 /* Release */,
			);
			defaultConfigurationIsVisible = 0;
			defaultConfigurationName = Release;
		};
		63627AA51EB5E03D00A14731 /* Build configuration list for PBXNativeTarget "demoSpeech" */ = {
			isa = XCConfigurationList;
			buildConfigurations = (
				63627AA61EB5E03D00A14731 /* Debug */,
				63627AA71EB5E03D00A14731 /* Release */,
			);
			defaultConfigurationIsVisible = 0;
			defaultConfigurationName = Release;
		};
/* End XCConfigurationList section */
	};
	rootObject = 63627A8B1EB5E03C00A14731 /* Project object */;
}
